// !$*UTF8*$!
{
	archiveVersion = 1;
	classes = {
	};
	objectVersion = 55;
	objects = {

/* Begin PBXBuildFile section */
		300E5B9E296F0A04002155F8 /* UserService.swift in Sources */ = {isa = PBXBuildFile; fileRef = 300E5B9D296F0A04002155F8 /* UserService.swift */; };
		300E5BA0296F0A3D002155F8 /* Constants.swift in Sources */ = {isa = PBXBuildFile; fileRef = 300E5B9F296F0A3D002155F8 /* Constants.swift */; };
		300E5BA2296F0C60002155F8 /* User.swift in Sources */ = {isa = PBXBuildFile; fileRef = 300E5BA1296F0C60002155F8 /* User.swift */; };
		300E5BA4296F12B9002155F8 /* ProfileHeaderViewModel.swift in Sources */ = {isa = PBXBuildFile; fileRef = 300E5BA3296F12B9002155F8 /* ProfileHeaderViewModel.swift */; };
		300E5BA6296F29B3002155F8 /* UserCell.swift in Sources */ = {isa = PBXBuildFile; fileRef = 300E5BA5296F29B3002155F8 /* UserCell.swift */; };
		30216B302933C73C00C62EDF /* CustonTextField.swift in Sources */ = {isa = PBXBuildFile; fileRef = 30216B2F2933C73C00C62EDF /* CustonTextField.swift */; };
		30216B322933DA5700C62EDF /* CustonButton.swift in Sources */ = {isa = PBXBuildFile; fileRef = 30216B312933DA5700C62EDF /* CustonButton.swift */; };
		30216B342934C88700C62EDF /* AuthenticationViewModel.swift in Sources */ = {isa = PBXBuildFile; fileRef = 30216B332934C88700C62EDF /* AuthenticationViewModel.swift */; };
		3025B96A28209C5F0090E368 /* AppDelegate.swift in Sources */ = {isa = PBXBuildFile; fileRef = 3025B96928209C5F0090E368 /* AppDelegate.swift */; };
		3025B96C28209C5F0090E368 /* SceneDelegate.swift in Sources */ = {isa = PBXBuildFile; fileRef = 3025B96B28209C5F0090E368 /* SceneDelegate.swift */; };
		3025B96E28209C5F0090E368 /* ViewController.swift in Sources */ = {isa = PBXBuildFile; fileRef = 3025B96D28209C5F0090E368 /* ViewController.swift */; };
		3025B97128209C5F0090E368 /* Main.storyboard in Resources */ = {isa = PBXBuildFile; fileRef = 3025B96F28209C5F0090E368 /* Main.storyboard */; };
		3025B97328209C620090E368 /* Assets.xcassets in Resources */ = {isa = PBXBuildFile; fileRef = 3025B97228209C620090E368 /* Assets.xcassets */; };
		3025B97628209C620090E368 /* LaunchScreen.storyboard in Resources */ = {isa = PBXBuildFile; fileRef = 3025B97428209C620090E368 /* LaunchScreen.storyboard */; };
		3025B98128209C620090E368 /* InstagranCloneTests.swift in Sources */ = {isa = PBXBuildFile; fileRef = 3025B98028209C620090E368 /* InstagranCloneTests.swift */; };
		3025B98B28209C620090E368 /* InstagranCloneUITests.swift in Sources */ = {isa = PBXBuildFile; fileRef = 3025B98A28209C620090E368 /* InstagranCloneUITests.swift */; };
		3025B98D28209C620090E368 /* InstagranCloneUITestsLaunchTests.swift in Sources */ = {isa = PBXBuildFile; fileRef = 3025B98C28209C620090E368 /* InstagranCloneUITestsLaunchTests.swift */; };
		3025B9A42820A0160090E368 /* MainTabController.swift in Sources */ = {isa = PBXBuildFile; fileRef = 3025B9A32820A0160090E368 /* MainTabController.swift */; };
		3025B9A62820A1E70090E368 /* FeedController.swift in Sources */ = {isa = PBXBuildFile; fileRef = 3025B9A52820A1E70090E368 /* FeedController.swift */; };
		3025B9A82820A2040090E368 /* SearchController.swift in Sources */ = {isa = PBXBuildFile; fileRef = 3025B9A72820A2040090E368 /* SearchController.swift */; };
		3025B9AA2820A2160090E368 /* ImageSelectorController.swift in Sources */ = {isa = PBXBuildFile; fileRef = 3025B9A92820A2160090E368 /* ImageSelectorController.swift */; };
		3025B9AC2820A2290090E368 /* NotificationsController.swift in Sources */ = {isa = PBXBuildFile; fileRef = 3025B9AB2820A2290090E368 /* NotificationsController.swift */; };
		3025B9AE2820A2380090E368 /* ProfileController.swift in Sources */ = {isa = PBXBuildFile; fileRef = 3025B9AD2820A2380090E368 /* ProfileController.swift */; };
		30349EFD282B235900BBF6F8 /* FeedCell.swift in Sources */ = {isa = PBXBuildFile; fileRef = 30349EFC282B235900BBF6F8 /* FeedCell.swift */; };
		30349EFF282B240E00BBF6F8 /* Extensions.swift in Sources */ = {isa = PBXBuildFile; fileRef = 30349EFE282B240E00BBF6F8 /* Extensions.swift */; };
		3089C7DC293E0E3A00ADCC7C /* ImageUploader.swift in Sources */ = {isa = PBXBuildFile; fileRef = 3089C7DB293E0E3A00ADCC7C /* ImageUploader.swift */; };
		3089C7DE293E0E4C00ADCC7C /* AuthServices.swift in Sources */ = {isa = PBXBuildFile; fileRef = 3089C7DD293E0E4C00ADCC7C /* AuthServices.swift */; };
		30D1E38429396857008FC2FD /* FirebaseAuth in Frameworks */ = {isa = PBXBuildFile; productRef = 30D1E38329396857008FC2FD /* FirebaseAuth */; };
		30D1E38629396857008FC2FD /* FirebaseDatabase in Frameworks */ = {isa = PBXBuildFile; productRef = 30D1E38529396857008FC2FD /* FirebaseDatabase */; };
		30D1E38829396857008FC2FD /* FirebaseFirestore in Frameworks */ = {isa = PBXBuildFile; productRef = 30D1E38729396857008FC2FD /* FirebaseFirestore */; };
		30D1E38A29396857008FC2FD /* FirebaseMessaging in Frameworks */ = {isa = PBXBuildFile; productRef = 30D1E38929396857008FC2FD /* FirebaseMessaging */; };
		30D1E38C29396857008FC2FD /* FirebaseStorage in Frameworks */ = {isa = PBXBuildFile; productRef = 30D1E38B29396857008FC2FD /* FirebaseStorage */; };
		30D1E38F293968E4008FC2FD /* ActiveLabel in Frameworks */ = {isa = PBXBuildFile; productRef = 30D1E38E293968E4008FC2FD /* ActiveLabel */; };
		30D1E39229396939008FC2FD /* SDWebImage in Frameworks */ = {isa = PBXBuildFile; productRef = 30D1E39129396939008FC2FD /* SDWebImage */; };
		30D1E39529396993008FC2FD /* JGProgressHUD in Frameworks */ = {isa = PBXBuildFile; productRef = 30D1E39429396993008FC2FD /* JGProgressHUD */; };
		30D1E39829396A85008FC2FD /* YPImagePicker in Frameworks */ = {isa = PBXBuildFile; productRef = 30D1E39729396A85008FC2FD /* YPImagePicker */; };
		30D1E39A29396F38008FC2FD /* GoogleService-Info.plist in Resources */ = {isa = PBXBuildFile; fileRef = 30D1E39929396F38008FC2FD /* GoogleService-Info.plist */; };
		30E9A529283EF34F0054405B /* LoginController.swift in Sources */ = {isa = PBXBuildFile; fileRef = 30E9A528283EF34F0054405B /* LoginController.swift */; };
		30E9A52B283EF3680054405B /* RegistrationController.swift in Sources */ = {isa = PBXBuildFile; fileRef = 30E9A52A283EF3680054405B /* RegistrationController.swift */; };
		30F552B72940A58B00763B26 /* ProfileCell.swift in Sources */ = {isa = PBXBuildFile; fileRef = 30F552B62940A58B00763B26 /* ProfileCell.swift */; };
		30F552B92940A5A100763B26 /* ProfileHeader.swift in Sources */ = {isa = PBXBuildFile; fileRef = 30F552B82940A5A100763B26 /* ProfileHeader.swift */; };
/* End PBXBuildFile section */

/* Begin PBXContainerItemProxy section */
		3025B97D28209C620090E368 /* PBXContainerItemProxy */ = {
			isa = PBXContainerItemProxy;
			containerPortal = 3025B95E28209C5F0090E368 /* Project object */;
			proxyType = 1;
			remoteGlobalIDString = 3025B96528209C5F0090E368;
			remoteInfo = InstagranClone;
		};
		3025B98728209C620090E368 /* PBXContainerItemProxy */ = {
			isa = PBXContainerItemProxy;
			containerPortal = 3025B95E28209C5F0090E368 /* Project object */;
			proxyType = 1;
			remoteGlobalIDString = 3025B96528209C5F0090E368;
			remoteInfo = InstagranClone;
		};
/* End PBXContainerItemProxy section */

/* Begin PBXFileReference section */
		300E5B9D296F0A04002155F8 /* UserService.swift */ = {isa = PBXFileReference; lastKnownFileType = sourcecode.swift; path = UserService.swift; sourceTree = "<group>"; };
		300E5B9F296F0A3D002155F8 /* Constants.swift */ = {isa = PBXFileReference; lastKnownFileType = sourcecode.swift; path = Constants.swift; sourceTree = "<group>"; };
		300E5BA1296F0C60002155F8 /* User.swift */ = {isa = PBXFileReference; lastKnownFileType = sourcecode.swift; name = User.swift; path = InstagranClone/Utils/User.swift; sourceTree = SOURCE_ROOT; };
		300E5BA3296F12B9002155F8 /* ProfileHeaderViewModel.swift */ = {isa = PBXFileReference; lastKnownFileType = sourcecode.swift; path = ProfileHeaderViewModel.swift; sourceTree = "<group>"; };
		300E5BA5296F29B3002155F8 /* UserCell.swift */ = {isa = PBXFileReference; lastKnownFileType = sourcecode.swift; path = UserCell.swift; sourceTree = "<group>"; };
		30216B2F2933C73C00C62EDF /* CustonTextField.swift */ = {isa = PBXFileReference; lastKnownFileType = sourcecode.swift; path = CustonTextField.swift; sourceTree = "<group>"; };
		30216B312933DA5700C62EDF /* CustonButton.swift */ = {isa = PBXFileReference; lastKnownFileType = sourcecode.swift; path = CustonButton.swift; sourceTree = "<group>"; };
		30216B332934C88700C62EDF /* AuthenticationViewModel.swift */ = {isa = PBXFileReference; lastKnownFileType = sourcecode.swift; path = AuthenticationViewModel.swift; sourceTree = "<group>"; };
		3025B96628209C5F0090E368 /* InstagranClone.app */ = {isa = PBXFileReference; explicitFileType = wrapper.application; includeInIndex = 0; path = InstagranClone.app; sourceTree = BUILT_PRODUCTS_DIR; };
		3025B96928209C5F0090E368 /* AppDelegate.swift */ = {isa = PBXFileReference; lastKnownFileType = sourcecode.swift; path = AppDelegate.swift; sourceTree = "<group>"; };
		3025B96B28209C5F0090E368 /* SceneDelegate.swift */ = {isa = PBXFileReference; lastKnownFileType = sourcecode.swift; path = SceneDelegate.swift; sourceTree = "<group>"; };
		3025B96D28209C5F0090E368 /* ViewController.swift */ = {isa = PBXFileReference; lastKnownFileType = sourcecode.swift; path = ViewController.swift; sourceTree = "<group>"; };
		3025B97028209C5F0090E368 /* Base */ = {isa = PBXFileReference; lastKnownFileType = file.storyboard; name = Base; path = Base.lproj/Main.storyboard; sourceTree = "<group>"; };
		3025B97228209C620090E368 /* Assets.xcassets */ = {isa = PBXFileReference; lastKnownFileType = folder.assetcatalog; path = Assets.xcassets; sourceTree = "<group>"; };
		3025B97528209C620090E368 /* Base */ = {isa = PBXFileReference; lastKnownFileType = file.storyboard; name = Base; path = Base.lproj/LaunchScreen.storyboard; sourceTree = "<group>"; };
		3025B97728209C620090E368 /* Info.plist */ = {isa = PBXFileReference; lastKnownFileType = text.plist.xml; path = Info.plist; sourceTree = "<group>"; };
		3025B97C28209C620090E368 /* InstagranCloneTests.xctest */ = {isa = PBXFileReference; explicitFileType = wrapper.cfbundle; includeInIndex = 0; path = InstagranCloneTests.xctest; sourceTree = BUILT_PRODUCTS_DIR; };
		3025B98028209C620090E368 /* InstagranCloneTests.swift */ = {isa = PBXFileReference; lastKnownFileType = sourcecode.swift; path = InstagranCloneTests.swift; sourceTree = "<group>"; };
		3025B98628209C620090E368 /* InstagranCloneUITests.xctest */ = {isa = PBXFileReference; explicitFileType = wrapper.cfbundle; includeInIndex = 0; path = InstagranCloneUITests.xctest; sourceTree = BUILT_PRODUCTS_DIR; };
		3025B98A28209C620090E368 /* InstagranCloneUITests.swift */ = {isa = PBXFileReference; lastKnownFileType = sourcecode.swift; path = InstagranCloneUITests.swift; sourceTree = "<group>"; };
		3025B98C28209C620090E368 /* InstagranCloneUITestsLaunchTests.swift */ = {isa = PBXFileReference; lastKnownFileType = sourcecode.swift; path = InstagranCloneUITestsLaunchTests.swift; sourceTree = "<group>"; };
		3025B9A32820A0160090E368 /* MainTabController.swift */ = {isa = PBXFileReference; lastKnownFileType = sourcecode.swift; path = MainTabController.swift; sourceTree = "<group>"; };
		3025B9A52820A1E70090E368 /* FeedController.swift */ = {isa = PBXFileReference; lastKnownFileType = sourcecode.swift; path = FeedController.swift; sourceTree = "<group>"; };
		3025B9A72820A2040090E368 /* SearchController.swift */ = {isa = PBXFileReference; lastKnownFileType = sourcecode.swift; path = SearchController.swift; sourceTree = "<group>"; };
		3025B9A92820A2160090E368 /* ImageSelectorController.swift */ = {isa = PBXFileReference; lastKnownFileType = sourcecode.swift; path = ImageSelectorController.swift; sourceTree = "<group>"; };
		3025B9AB2820A2290090E368 /* NotificationsController.swift */ = {isa = PBXFileReference; lastKnownFileType = sourcecode.swift; path = NotificationsController.swift; sourceTree = "<group>"; };
		3025B9AD2820A2380090E368 /* ProfileController.swift */ = {isa = PBXFileReference; lastKnownFileType = sourcecode.swift; path = ProfileController.swift; sourceTree = "<group>"; };
		30349EFC282B235900BBF6F8 /* FeedCell.swift */ = {isa = PBXFileReference; lastKnownFileType = sourcecode.swift; path = FeedCell.swift; sourceTree = "<group>"; };
		30349EFE282B240E00BBF6F8 /* Extensions.swift */ = {isa = PBXFileReference; lastKnownFileType = sourcecode.swift; path = Extensions.swift; sourceTree = "<group>"; };
		3089C7DB293E0E3A00ADCC7C /* ImageUploader.swift */ = {isa = PBXFileReference; lastKnownFileType = sourcecode.swift; path = ImageUploader.swift; sourceTree = "<group>"; };
		3089C7DD293E0E4C00ADCC7C /* AuthServices.swift */ = {isa = PBXFileReference; lastKnownFileType = sourcecode.swift; path = AuthServices.swift; sourceTree = "<group>"; };
		30D1E39929396F38008FC2FD /* GoogleService-Info.plist */ = {isa = PBXFileReference; fileEncoding = 4; lastKnownFileType = text.plist.xml; path = "GoogleService-Info.plist"; sourceTree = "<group>"; };
		30E9A528283EF34F0054405B /* LoginController.swift */ = {isa = PBXFileReference; lastKnownFileType = sourcecode.swift; path = LoginController.swift; sourceTree = "<group>"; };
		30E9A52A283EF3680054405B /* RegistrationController.swift */ = {isa = PBXFileReference; lastKnownFileType = sourcecode.swift; path = RegistrationController.swift; sourceTree = "<group>"; };
		30F552B62940A58B00763B26 /* ProfileCell.swift */ = {isa = PBXFileReference; lastKnownFileType = sourcecode.swift; path = ProfileCell.swift; sourceTree = "<group>"; };
		30F552B82940A5A100763B26 /* ProfileHeader.swift */ = {isa = PBXFileReference; lastKnownFileType = sourcecode.swift; path = ProfileHeader.swift; sourceTree = "<group>"; };
/* End PBXFileReference section */

/* Begin PBXFrameworksBuildPhase section */
		3025B96328209C5F0090E368 /* Frameworks */ = {
			isa = PBXFrameworksBuildPhase;
			buildActionMask = 2147483647;
			files = (
				30D1E38A29396857008FC2FD /* FirebaseMessaging in Frameworks */,
				30D1E38F293968E4008FC2FD /* ActiveLabel in Frameworks */,
				30D1E38629396857008FC2FD /* FirebaseDatabase in Frameworks */,
				30D1E39229396939008FC2FD /* SDWebImage in Frameworks */,
				30D1E39529396993008FC2FD /* JGProgressHUD in Frameworks */,
				30D1E38429396857008FC2FD /* FirebaseAuth in Frameworks */,
				30D1E38C29396857008FC2FD /* FirebaseStorage in Frameworks */,
				30D1E39829396A85008FC2FD /* YPImagePicker in Frameworks */,
				30D1E38829396857008FC2FD /* FirebaseFirestore in Frameworks */,
			);
			runOnlyForDeploymentPostprocessing = 0;
		};
		3025B97928209C620090E368 /* Frameworks */ = {
			isa = PBXFrameworksBuildPhase;
			buildActionMask = 2147483647;
			files = (
			);
			runOnlyForDeploymentPostprocessing = 0;
		};
		3025B98328209C620090E368 /* Frameworks */ = {
			isa = PBXFrameworksBuildPhase;
			buildActionMask = 2147483647;
			files = (
			);
			runOnlyForDeploymentPostprocessing = 0;
		};
/* End PBXFrameworksBuildPhase section */

/* Begin PBXGroup section */
		3025B95D28209C5F0090E368 = {
			isa = PBXGroup;
			children = (
				3025B96828209C5F0090E368 /* InstagranClone */,
				3025B97F28209C620090E368 /* InstagranCloneTests */,
				3025B98928209C620090E368 /* InstagranCloneUITests */,
				3025B96728209C5F0090E368 /* Products */,
			);
			sourceTree = "<group>";
		};
		3025B96728209C5F0090E368 /* Products */ = {
			isa = PBXGroup;
			children = (
				3025B96628209C5F0090E368 /* InstagranClone.app */,
				3025B97C28209C620090E368 /* InstagranCloneTests.xctest */,
				3025B98628209C620090E368 /* InstagranCloneUITests.xctest */,
			);
			name = Products;
			sourceTree = "<group>";
		};
		3025B96828209C5F0090E368 /* InstagranClone */ = {
			isa = PBXGroup;
			children = (
				3025B9A128209F350090E368 /* Model */,
				3025B99928209E890090E368 /* View */,
				3025B9A028209F330090E368 /* ViewModel */,
				3025B99F28209F300090E368 /* Controller */,
				3025B99E28209F1F0090E368 /* API */,
				3025B99D28209F1B0090E368 /* Utils */,
				3025B96928209C5F0090E368 /* AppDelegate.swift */,
				3025B96B28209C5F0090E368 /* SceneDelegate.swift */,
				3025B96D28209C5F0090E368 /* ViewController.swift */,
				3025B96F28209C5F0090E368 /* Main.storyboard */,
				3025B97228209C620090E368 /* Assets.xcassets */,
				3025B97428209C620090E368 /* LaunchScreen.storyboard */,
				3025B97728209C620090E368 /* Info.plist */,
				30D1E39929396F38008FC2FD /* GoogleService-Info.plist */,
			);
			path = InstagranClone;
			sourceTree = "<group>";
		};
		3025B97F28209C620090E368 /* InstagranCloneTests */ = {
			isa = PBXGroup;
			children = (
				3025B98028209C620090E368 /* InstagranCloneTests.swift */,
			);
			path = InstagranCloneTests;
			sourceTree = "<group>";
		};
		3025B98928209C620090E368 /* InstagranCloneUITests */ = {
			isa = PBXGroup;
			children = (
				3025B98A28209C620090E368 /* InstagranCloneUITests.swift */,
				3025B98C28209C620090E368 /* InstagranCloneUITestsLaunchTests.swift */,
			);
			path = InstagranCloneUITests;
			sourceTree = "<group>";
		};
		3025B99928209E890090E368 /* View */ = {
			isa = PBXGroup;
			children = (
				30349EFC282B235900BBF6F8 /* FeedCell.swift */,
				30216B2F2933C73C00C62EDF /* CustonTextField.swift */,
				30216B312933DA5700C62EDF /* CustonButton.swift */,
				30F552BA2940A5AA00763B26 /* Profile */,
				300E5BA5296F29B3002155F8 /* UserCell.swift */,
			);
			path = View;
			sourceTree = "<group>";
		};
		3025B99D28209F1B0090E368 /* Utils */ = {
			isa = PBXGroup;
			children = (
				30349EFE282B240E00BBF6F8 /* Extensions.swift */,
				300E5B9F296F0A3D002155F8 /* Constants.swift */,
			);
			path = Utils;
			sourceTree = "<group>";
		};
		3025B99E28209F1F0090E368 /* API */ = {
			isa = PBXGroup;
			children = (
				3089C7DB293E0E3A00ADCC7C /* ImageUploader.swift */,
				3089C7DD293E0E4C00ADCC7C /* AuthServices.swift */,
				300E5B9D296F0A04002155F8 /* UserService.swift */,
			);
			path = API;
			sourceTree = "<group>";
		};
		3025B99F28209F300090E368 /* Controller */ = {
			isa = PBXGroup;
			children = (
				30E9A527283EF3230054405B /* Authentication */,
				3025B9A32820A0160090E368 /* MainTabController.swift */,
				3025B9A52820A1E70090E368 /* FeedController.swift */,
				3025B9A72820A2040090E368 /* SearchController.swift */,
				3025B9A92820A2160090E368 /* ImageSelectorController.swift */,
				3025B9AB2820A2290090E368 /* NotificationsController.swift */,
				3025B9AD2820A2380090E368 /* ProfileController.swift */,
			);
			path = Controller;
			sourceTree = "<group>";
		};
		3025B9A028209F330090E368 /* ViewModel */ = {
			isa = PBXGroup;
			children = (
				30216B332934C88700C62EDF /* AuthenticationViewModel.swift */,
				300E5BA3296F12B9002155F8 /* ProfileHeaderViewModel.swift */,
			);
			path = ViewModel;
			sourceTree = "<group>";
		};
		3025B9A128209F350090E368 /* Model */ = {
			isa = PBXGroup;
			children = (
				300E5BA1296F0C60002155F8 /* User.swift */,
			);
			path = Model;
			sourceTree = "<group>";
		};
		30E9A527283EF3230054405B /* Authentication */ = {
			isa = PBXGroup;
			children = (
				30E9A528283EF34F0054405B /* LoginController.swift */,
				30E9A52A283EF3680054405B /* RegistrationController.swift */,
			);
			path = Authentication;
			sourceTree = "<group>";
		};
		30F552BA2940A5AA00763B26 /* Profile */ = {
			isa = PBXGroup;
			children = (
				30F552B62940A58B00763B26 /* ProfileCell.swift */,
				30F552B82940A5A100763B26 /* ProfileHeader.swift */,
			);
			path = Profile;
			sourceTree = "<group>";
		};
/* End PBXGroup section */

/* Begin PBXNativeTarget section */
		3025B96528209C5F0090E368 /* InstagranClone */ = {
			isa = PBXNativeTarget;
			buildConfigurationList = 3025B99028209C620090E368 /* Build configuration list for PBXNativeTarget "InstagranClone" */;
			buildPhases = (
				3025B96228209C5F0090E368 /* Sources */,
				3025B96328209C5F0090E368 /* Frameworks */,
				3025B96428209C5F0090E368 /* Resources */,
			);
			buildRules = (
			);
			dependencies = (
			);
			name = InstagranClone;
			packageProductDependencies = (
				30D1E38329396857008FC2FD /* FirebaseAuth */,
				30D1E38529396857008FC2FD /* FirebaseDatabase */,
				30D1E38729396857008FC2FD /* FirebaseFirestore */,
				30D1E38929396857008FC2FD /* FirebaseMessaging */,
				30D1E38B29396857008FC2FD /* FirebaseStorage */,
				30D1E38E293968E4008FC2FD /* ActiveLabel */,
				30D1E39129396939008FC2FD /* SDWebImage */,
				30D1E39429396993008FC2FD /* JGProgressHUD */,
				30D1E39729396A85008FC2FD /* YPImagePicker */,
			);
			productName = InstagranClone;
			productReference = 3025B96628209C5F0090E368 /* InstagranClone.app */;
			productType = "com.apple.product-type.application";
		};
		3025B97B28209C620090E368 /* InstagranCloneTests */ = {
			isa = PBXNativeTarget;
			buildConfigurationList = 3025B99328209C620090E368 /* Build configuration list for PBXNativeTarget "InstagranCloneTests" */;
			buildPhases = (
				3025B97828209C620090E368 /* Sources */,
				3025B97928209C620090E368 /* Frameworks */,
				3025B97A28209C620090E368 /* Resources */,
			);
			buildRules = (
			);
			dependencies = (
				3025B97E28209C620090E368 /* PBXTargetDependency */,
			);
			name = InstagranCloneTests;
			productName = InstagranCloneTests;
			productReference = 3025B97C28209C620090E368 /* InstagranCloneTests.xctest */;
			productType = "com.apple.product-type.bundle.unit-test";
		};
		3025B98528209C620090E368 /* InstagranCloneUITests */ = {
			isa = PBXNativeTarget;
			buildConfigurationList = 3025B99628209C620090E368 /* Build configuration list for PBXNativeTarget "InstagranCloneUITests" */;
			buildPhases = (
				3025B98228209C620090E368 /* Sources */,
				3025B98328209C620090E368 /* Frameworks */,
				3025B98428209C620090E368 /* Resources */,
			);
			buildRules = (
			);
			dependencies = (
				3025B98828209C620090E368 /* PBXTargetDependency */,
			);
			name = InstagranCloneUITests;
			productName = InstagranCloneUITests;
			productReference = 3025B98628209C620090E368 /* InstagranCloneUITests.xctest */;
			productType = "com.apple.product-type.bundle.ui-testing";
		};
/* End PBXNativeTarget section */

/* Begin PBXProject section */
		3025B95E28209C5F0090E368 /* Project object */ = {
			isa = PBXProject;
			attributes = {
				BuildIndependentTargetsInParallel = 1;
				LastSwiftUpdateCheck = 1310;
				LastUpgradeCheck = 1310;
				TargetAttributes = {
					3025B96528209C5F0090E368 = {
						CreatedOnToolsVersion = 13.1;
					};
					3025B97B28209C620090E368 = {
						CreatedOnToolsVersion = 13.1;
						TestTargetID = 3025B96528209C5F0090E368;
					};
					3025B98528209C620090E368 = {
						CreatedOnToolsVersion = 13.1;
						TestTargetID = 3025B96528209C5F0090E368;
					};
				};
			};
			buildConfigurationList = 3025B96128209C5F0090E368 /* Build configuration list for PBXProject "InstagranClone" */;
			compatibilityVersion = "Xcode 13.0";
			developmentRegion = en;
			hasScannedForEncodings = 0;
			knownRegions = (
				en,
				Base,
			);
			mainGroup = 3025B95D28209C5F0090E368;
			packageReferences = (
				30D1E38229396857008FC2FD /* XCRemoteSwiftPackageReference "firebase-ios-sdk" */,
				30D1E38D293968E4008FC2FD /* XCRemoteSwiftPackageReference "ActiveLabel.swift" */,
				30D1E39029396938008FC2FD /* XCRemoteSwiftPackageReference "SDWebImage" */,
				30D1E39329396993008FC2FD /* XCRemoteSwiftPackageReference "JGProgressHUD" */,
				30D1E39629396A85008FC2FD /* XCRemoteSwiftPackageReference "YPImagePicker" */,
			);
			productRefGroup = 3025B96728209C5F0090E368 /* Products */;
			projectDirPath = "";
			projectRoot = "";
			targets = (
				3025B96528209C5F0090E368 /* InstagranClone */,
				3025B97B28209C620090E368 /* InstagranCloneTests */,
				3025B98528209C620090E368 /* InstagranCloneUITests */,
			);
		};
/* End PBXProject section */

/* Begin PBXResourcesBuildPhase section */
		3025B96428209C5F0090E368 /* Resources */ = {
			isa = PBXResourcesBuildPhase;
			buildActionMask = 2147483647;
			files = (
				3025B97628209C620090E368 /* LaunchScreen.storyboard in Resources */,
				30D1E39A29396F38008FC2FD /* GoogleService-Info.plist in Resources */,
				3025B97328209C620090E368 /* Assets.xcassets in Resources */,
				3025B97128209C5F0090E368 /* Main.storyboard in Resources */,
			);
			runOnlyForDeploymentPostprocessing = 0;
		};
		3025B97A28209C620090E368 /* Resources */ = {
			isa = PBXResourcesBuildPhase;
			buildActionMask = 2147483647;
			files = (
			);
			runOnlyForDeploymentPostprocessing = 0;
		};
		3025B98428209C620090E368 /* Resources */ = {
			isa = PBXResourcesBuildPhase;
			buildActionMask = 2147483647;
			files = (
			);
			runOnlyForDeploymentPostprocessing = 0;
		};
/* End PBXResourcesBuildPhase section */

/* Begin PBXSourcesBuildPhase section */
		3025B96228209C5F0090E368 /* Sources */ = {
			isa = PBXSourcesBuildPhase;
			buildActionMask = 2147483647;
			files = (
				3025B96E28209C5F0090E368 /* ViewController.swift in Sources */,
				300E5BA0296F0A3D002155F8 /* Constants.swift in Sources */,
				30E9A52B283EF3680054405B /* RegistrationController.swift in Sources */,
				3089C7DC293E0E3A00ADCC7C /* ImageUploader.swift in Sources */,
				30E9A529283EF34F0054405B /* LoginController.swift in Sources */,
				300E5BA4296F12B9002155F8 /* ProfileHeaderViewModel.swift in Sources */,
				30349EFD282B235900BBF6F8 /* FeedCell.swift in Sources */,
				30216B342934C88700C62EDF /* AuthenticationViewModel.swift in Sources */,
				3025B9AA2820A2160090E368 /* ImageSelectorController.swift in Sources */,
				3025B9A82820A2040090E368 /* SearchController.swift in Sources */,
				30F552B92940A5A100763B26 /* ProfileHeader.swift in Sources */,
				3025B96A28209C5F0090E368 /* AppDelegate.swift in Sources */,
				30216B302933C73C00C62EDF /* CustonTextField.swift in Sources */,
				300E5BA6296F29B3002155F8 /* UserCell.swift in Sources */,
				3025B9A62820A1E70090E368 /* FeedController.swift in Sources */,
				3025B9AE2820A2380090E368 /* ProfileController.swift in Sources */,
				3025B9A42820A0160090E368 /* MainTabController.swift in Sources */,
				300E5B9E296F0A04002155F8 /* UserService.swift in Sources */,
				3025B9AC2820A2290090E368 /* NotificationsController.swift in Sources */,
				30216B322933DA5700C62EDF /* CustonButton.swift in Sources */,
				30F552B72940A58B00763B26 /* ProfileCell.swift in Sources */,
				3089C7DE293E0E4C00ADCC7C /* AuthServices.swift in Sources */,
				30349EFF282B240E00BBF6F8 /* Extensions.swift in Sources */,
				3025B96C28209C5F0090E368 /* SceneDelegate.swift in Sources */,
				300E5BA2296F0C60002155F8 /* User.swift in Sources */,
			);
			runOnlyForDeploymentPostprocessing = 0;
		};
		3025B97828209C620090E368 /* Sources */ = {
			isa = PBXSourcesBuildPhase;
			buildActionMask = 2147483647;
			files = (
				3025B98128209C620090E368 /* InstagranCloneTests.swift in Sources */,
			);
			runOnlyForDeploymentPostprocessing = 0;
		};
		3025B98228209C620090E368 /* Sources */ = {
			isa = PBXSourcesBuildPhase;
			buildActionMask = 2147483647;
			files = (
				3025B98D28209C620090E368 /* InstagranCloneUITestsLaunchTests.swift in Sources */,
				3025B98B28209C620090E368 /* InstagranCloneUITests.swift in Sources */,
			);
			runOnlyForDeploymentPostprocessing = 0;
		};
/* End PBXSourcesBuildPhase section */

/* Begin PBXTargetDependency section */
		3025B97E28209C620090E368 /* PBXTargetDependency */ = {
			isa = PBXTargetDependency;
			target = 3025B96528209C5F0090E368 /* InstagranClone */;
			targetProxy = 3025B97D28209C620090E368 /* PBXContainerItemProxy */;
		};
		3025B98828209C620090E368 /* PBXTargetDependency */ = {
			isa = PBXTargetDependency;
			target = 3025B96528209C5F0090E368 /* InstagranClone */;
			targetProxy = 3025B98728209C620090E368 /* PBXContainerItemProxy */;
		};
/* End PBXTargetDependency section */

/* Begin PBXVariantGroup section */
		3025B96F28209C5F0090E368 /* Main.storyboard */ = {
			isa = PBXVariantGroup;
			children = (
				3025B97028209C5F0090E368 /* Base */,
			);
			name = Main.storyboard;
			sourceTree = "<group>";
		};
		3025B97428209C620090E368 /* LaunchScreen.storyboard */ = {
			isa = PBXVariantGroup;
			children = (
				3025B97528209C620090E368 /* Base */,
			);
			name = LaunchScreen.storyboard;
			sourceTree = "<group>";
		};
/* End PBXVariantGroup section */

/* Begin XCBuildConfiguration section */
		3025B98E28209C620090E368 /* Debug */ = {
			isa = XCBuildConfiguration;
			buildSettings = {
				ALWAYS_SEARCH_USER_PATHS = NO;
				CLANG_ANALYZER_NONNULL = YES;
				CLANG_ANALYZER_NUMBER_OBJECT_CONVERSION = YES_AGGRESSIVE;
				CLANG_CXX_LANGUAGE_STANDARD = "gnu++17";
				CLANG_CXX_LIBRARY = "libc++";
				CLANG_ENABLE_MODULES = YES;
				CLANG_ENABLE_OBJC_ARC = YES;
				CLANG_ENABLE_OBJC_WEAK = YES;
				CLANG_WARN_BLOCK_CAPTURE_AUTORELEASING = YES;
				CLANG_WARN_BOOL_CONVERSION = YES;
				CLANG_WARN_COMMA = YES;
				CLANG_WARN_CONSTANT_CONVERSION = YES;
				CLANG_WARN_DEPRECATED_OBJC_IMPLEMENTATIONS = YES;
				CLANG_WARN_DIRECT_OBJC_ISA_USAGE = YES_ERROR;
				CLANG_WARN_DOCUMENTATION_COMMENTS = YES;
				CLANG_WARN_EMPTY_BODY = YES;
				CLANG_WARN_ENUM_CONVERSION = YES;
				CLANG_WARN_INFINITE_RECURSION = YES;
				CLANG_WARN_INT_CONVERSION = YES;
				CLANG_WARN_NON_LITERAL_NULL_CONVERSION = YES;
				CLANG_WARN_OBJC_IMPLICIT_RETAIN_SELF = YES;
				CLANG_WARN_OBJC_LITERAL_CONVERSION = YES;
				CLANG_WARN_OBJC_ROOT_CLASS = YES_ERROR;
				CLANG_WARN_QUOTED_INCLUDE_IN_FRAMEWORK_HEADER = YES;
				CLANG_WARN_RANGE_LOOP_ANALYSIS = YES;
				CLANG_WARN_STRICT_PROTOTYPES = YES;
				CLANG_WARN_SUSPICIOUS_MOVE = YES;
				CLANG_WARN_UNGUARDED_AVAILABILITY = YES_AGGRESSIVE;
				CLANG_WARN_UNREACHABLE_CODE = YES;
				CLANG_WARN__DUPLICATE_METHOD_MATCH = YES;
				COPY_PHASE_STRIP = NO;
				DEBUG_INFORMATION_FORMAT = dwarf;
				ENABLE_STRICT_OBJC_MSGSEND = YES;
				ENABLE_TESTABILITY = YES;
				GCC_C_LANGUAGE_STANDARD = gnu11;
				GCC_DYNAMIC_NO_PIC = NO;
				GCC_NO_COMMON_BLOCKS = YES;
				GCC_OPTIMIZATION_LEVEL = 0;
				GCC_PREPROCESSOR_DEFINITIONS = (
					"DEBUG=1",
					"$(inherited)",
				);
				GCC_WARN_64_TO_32_BIT_CONVERSION = YES;
				GCC_WARN_ABOUT_RETURN_TYPE = YES_ERROR;
				GCC_WARN_UNDECLARED_SELECTOR = YES;
				GCC_WARN_UNINITIALIZED_AUTOS = YES_AGGRESSIVE;
				GCC_WARN_UNUSED_FUNCTION = YES;
				GCC_WARN_UNUSED_VARIABLE = YES;
				IPHONEOS_DEPLOYMENT_TARGET = 15.0;
				MTL_ENABLE_DEBUG_INFO = INCLUDE_SOURCE;
				MTL_FAST_MATH = YES;
				ONLY_ACTIVE_ARCH = YES;
				SDKROOT = iphoneos;
				SWIFT_ACTIVE_COMPILATION_CONDITIONS = DEBUG;
				SWIFT_OPTIMIZATION_LEVEL = "-Onone";
			};
			name = Debug;
		};
		3025B98F28209C620090E368 /* Release */ = {
			isa = XCBuildConfiguration;
			buildSettings = {
				ALWAYS_SEARCH_USER_PATHS = NO;
				CLANG_ANALYZER_NONNULL = YES;
				CLANG_ANALYZER_NUMBER_OBJECT_CONVERSION = YES_AGGRESSIVE;
				CLANG_CXX_LANGUAGE_STANDARD = "gnu++17";
				CLANG_CXX_LIBRARY = "libc++";
				CLANG_ENABLE_MODULES = YES;
				CLANG_ENABLE_OBJC_ARC = YES;
				CLANG_ENABLE_OBJC_WEAK = YES;
				CLANG_WARN_BLOCK_CAPTURE_AUTORELEASING = YES;
				CLANG_WARN_BOOL_CONVERSION = YES;
				CLANG_WARN_COMMA = YES;
				CLANG_WARN_CONSTANT_CONVERSION = YES;
				CLANG_WARN_DEPRECATED_OBJC_IMPLEMENTATIONS = YES;
				CLANG_WARN_DIRECT_OBJC_ISA_USAGE = YES_ERROR;
				CLANG_WARN_DOCUMENTATION_COMMENTS = YES;
				CLANG_WARN_EMPTY_BODY = YES;
				CLANG_WARN_ENUM_CONVERSION = YES;
				CLANG_WARN_INFINITE_RECURSION = YES;
				CLANG_WARN_INT_CONVERSION = YES;
				CLANG_WARN_NON_LITERAL_NULL_CONVERSION = YES;
				CLANG_WARN_OBJC_IMPLICIT_RETAIN_SELF = YES;
				CLANG_WARN_OBJC_LITERAL_CONVERSION = YES;
				CLANG_WARN_OBJC_ROOT_CLASS = YES_ERROR;
				CLANG_WARN_QUOTED_INCLUDE_IN_FRAMEWORK_HEADER = YES;
				CLANG_WARN_RANGE_LOOP_ANALYSIS = YES;
				CLANG_WARN_STRICT_PROTOTYPES = YES;
				CLANG_WARN_SUSPICIOUS_MOVE = YES;
				CLANG_WARN_UNGUARDED_AVAILABILITY = YES_AGGRESSIVE;
				CLANG_WARN_UNREACHABLE_CODE = YES;
				CLANG_WARN__DUPLICATE_METHOD_MATCH = YES;
				COPY_PHASE_STRIP = NO;
				DEBUG_INFORMATION_FORMAT = "dwarf-with-dsym";
				ENABLE_NS_ASSERTIONS = NO;
				ENABLE_STRICT_OBJC_MSGSEND = YES;
				GCC_C_LANGUAGE_STANDARD = gnu11;
				GCC_NO_COMMON_BLOCKS = YES;
				GCC_WARN_64_TO_32_BIT_CONVERSION = YES;
				GCC_WARN_ABOUT_RETURN_TYPE = YES_ERROR;
				GCC_WARN_UNDECLARED_SELECTOR = YES;
				GCC_WARN_UNINITIALIZED_AUTOS = YES_AGGRESSIVE;
				GCC_WARN_UNUSED_FUNCTION = YES;
				GCC_WARN_UNUSED_VARIABLE = YES;
				IPHONEOS_DEPLOYMENT_TARGET = 15.0;
				MTL_ENABLE_DEBUG_INFO = NO;
				MTL_FAST_MATH = YES;
				SDKROOT = iphoneos;
				SWIFT_COMPILATION_MODE = wholemodule;
				SWIFT_OPTIMIZATION_LEVEL = "-O";
				VALIDATE_PRODUCT = YES;
			};
			name = Release;
		};
		3025B99128209C620090E368 /* Debug */ = {
			isa = XCBuildConfiguration;
			buildSettings = {
				ASSETCATALOG_COMPILER_APPICON_NAME = AppIcon;
				ASSETCATALOG_COMPILER_GLOBAL_ACCENT_COLOR_NAME = AccentColor;
				CODE_SIGN_STYLE = Automatic;
				CURRENT_PROJECT_VERSION = 1;
				DEVELOPMENT_TEAM = 653KB842NJ;
				GENERATE_INFOPLIST_FILE = YES;
				INFOPLIST_FILE = InstagranClone/Info.plist;
				INFOPLIST_KEY_UIApplicationSupportsIndirectInputEvents = YES;
				INFOPLIST_KEY_UILaunchStoryboardName = LaunchScreen;
				INFOPLIST_KEY_UIMainStoryboardFile = Main;
				INFOPLIST_KEY_UISupportedInterfaceOrientations_iPad = "UIInterfaceOrientationPortrait UIInterfaceOrientationPortraitUpsideDown UIInterfaceOrientationLandscapeLeft UIInterfaceOrientationLandscapeRight";
				INFOPLIST_KEY_UISupportedInterfaceOrientations_iPhone = "UIInterfaceOrientationPortrait UIInterfaceOrientationLandscapeLeft UIInterfaceOrientationLandscapeRight";
				LD_RUNPATH_SEARCH_PATHS = (
					"$(inherited)",
					"@executable_path/Frameworks",
				);
				MARKETING_VERSION = 1.0;
				PRODUCT_BUNDLE_IDENTIFIER = com.tmaximo.InstagranClone;
				PRODUCT_NAME = "$(TARGET_NAME)";
				SWIFT_EMIT_LOC_STRINGS = YES;
				SWIFT_VERSION = 5.0;
				TARGETED_DEVICE_FAMILY = "1,2";
			};
			name = Debug;
		};
		3025B99228209C620090E368 /* Release */ = {
			isa = XCBuildConfiguration;
			buildSettings = {
				ASSETCATALOG_COMPILER_APPICON_NAME = AppIcon;
				ASSETCATALOG_COMPILER_GLOBAL_ACCENT_COLOR_NAME = AccentColor;
				CODE_SIGN_STYLE = Automatic;
				CURRENT_PROJECT_VERSION = 1;
				DEVELOPMENT_TEAM = 653KB842NJ;
				GENERATE_INFOPLIST_FILE = YES;
				INFOPLIST_FILE = InstagranClone/Info.plist;
				INFOPLIST_KEY_UIApplicationSupportsIndirectInputEvents = YES;
				INFOPLIST_KEY_UILaunchStoryboardName = LaunchScreen;
				INFOPLIST_KEY_UIMainStoryboardFile = Main;
				INFOPLIST_KEY_UISupportedInterfaceOrientations_iPad = "UIInterfaceOrientationPortrait UIInterfaceOrientationPortraitUpsideDown UIInterfaceOrientationLandscapeLeft UIInterfaceOrientationLandscapeRight";
				INFOPLIST_KEY_UISupportedInterfaceOrientations_iPhone = "UIInterfaceOrientationPortrait UIInterfaceOrientationLandscapeLeft UIInterfaceOrientationLandscapeRight";
				LD_RUNPATH_SEARCH_PATHS = (
					"$(inherited)",
					"@executable_path/Frameworks",
				);
				MARKETING_VERSION = 1.0;
				PRODUCT_BUNDLE_IDENTIFIER = com.tmaximo.InstagranClone;
				PRODUCT_NAME = "$(TARGET_NAME)";
				SWIFT_EMIT_LOC_STRINGS = YES;
				SWIFT_VERSION = 5.0;
				TARGETED_DEVICE_FAMILY = "1,2";
			};
			name = Release;
		};
		3025B99428209C620090E368 /* Debug */ = {
			isa = XCBuildConfiguration;
			buildSettings = {
				ALWAYS_EMBED_SWIFT_STANDARD_LIBRARIES = YES;
				BUNDLE_LOADER = "$(TEST_HOST)";
				CODE_SIGN_STYLE = Automatic;
				CURRENT_PROJECT_VERSION = 1;
				DEVELOPMENT_TEAM = 653KB842NJ;
				GENERATE_INFOPLIST_FILE = YES;
				IPHONEOS_DEPLOYMENT_TARGET = 15.0;
				LD_RUNPATH_SEARCH_PATHS = (
					"$(inherited)",
					"@executable_path/Frameworks",
					"@loader_path/Frameworks",
				);
				MARKETING_VERSION = 1.0;
				PRODUCT_BUNDLE_IDENTIFIER = com.tmaximo.InstagranCloneTests;
				PRODUCT_NAME = "$(TARGET_NAME)";
				SWIFT_EMIT_LOC_STRINGS = NO;
				SWIFT_VERSION = 5.0;
				TARGETED_DEVICE_FAMILY = "1,2";
				TEST_HOST = "$(BUILT_PRODUCTS_DIR)/InstagranClone.app/InstagranClone";
			};
			name = Debug;
		};
		3025B99528209C620090E368 /* Release */ = {
			isa = XCBuildConfiguration;
			buildSettings = {
				ALWAYS_EMBED_SWIFT_STANDARD_LIBRARIES = YES;
				BUNDLE_LOADER = "$(TEST_HOST)";
				CODE_SIGN_STYLE = Automatic;
				CURRENT_PROJECT_VERSION = 1;
				DEVELOPMENT_TEAM = 653KB842NJ;
				GENERATE_INFOPLIST_FILE = YES;
				IPHONEOS_DEPLOYMENT_TARGET = 15.0;
				LD_RUNPATH_SEARCH_PATHS = (
					"$(inherited)",
					"@executable_path/Frameworks",
					"@loader_path/Frameworks",
				);
				MARKETING_VERSION = 1.0;
				PRODUCT_BUNDLE_IDENTIFIER = com.tmaximo.InstagranCloneTests;
				PRODUCT_NAME = "$(TARGET_NAME)";
				SWIFT_EMIT_LOC_STRINGS = NO;
				SWIFT_VERSION = 5.0;
				TARGETED_DEVICE_FAMILY = "1,2";
				TEST_HOST = "$(BUILT_PRODUCTS_DIR)/InstagranClone.app/InstagranClone";
			};
			name = Release;
		};
		3025B99728209C620090E368 /* Debug */ = {
			isa = XCBuildConfiguration;
			buildSettings = {
				ALWAYS_EMBED_SWIFT_STANDARD_LIBRARIES = YES;
				CODE_SIGN_STYLE = Automatic;
				CURRENT_PROJECT_VERSION = 1;
				DEVELOPMENT_TEAM = 653KB842NJ;
				GENERATE_INFOPLIST_FILE = YES;
				LD_RUNPATH_SEARCH_PATHS = (
					"$(inherited)",
					"@executable_path/Frameworks",
					"@loader_path/Frameworks",
				);
				MARKETING_VERSION = 1.0;
				PRODUCT_BUNDLE_IDENTIFIER = com.tmaximo.InstagranCloneUITests;
				PRODUCT_NAME = "$(TARGET_NAME)";
				SWIFT_EMIT_LOC_STRINGS = NO;
				SWIFT_VERSION = 5.0;
				TARGETED_DEVICE_FAMILY = "1,2";
				TEST_TARGET_NAME = InstagranClone;
			};
			name = Debug;
		};
		3025B99828209C620090E368 /* Release */ = {
			isa = XCBuildConfiguration;
			buildSettings = {
				ALWAYS_EMBED_SWIFT_STANDARD_LIBRARIES = YES;
				CODE_SIGN_STYLE = Automatic;
				CURRENT_PROJECT_VERSION = 1;
				DEVELOPMENT_TEAM = 653KB842NJ;
				GENERATE_INFOPLIST_FILE = YES;
				LD_RUNPATH_SEARCH_PATHS = (
					"$(inherited)",
					"@executable_path/Frameworks",
					"@loader_path/Frameworks",
				);
				MARKETING_VERSION = 1.0;
				PRODUCT_BUNDLE_IDENTIFIER = com.tmaximo.InstagranCloneUITests;
				PRODUCT_NAME = "$(TARGET_NAME)";
				SWIFT_EMIT_LOC_STRINGS = NO;
				SWIFT_VERSION = 5.0;
				TARGETED_DEVICE_FAMILY = "1,2";
				TEST_TARGET_NAME = InstagranClone;
			};
			name = Release;
		};
/* End XCBuildConfiguration section */

/* Begin XCConfigurationList section */
		3025B96128209C5F0090E368 /* Build configuration list for PBXProject "InstagranClone" */ = {
			isa = XCConfigurationList;
			buildConfigurations = (
				3025B98E28209C620090E368 /* Debug */,
				3025B98F28209C620090E368 /* Release */,
			);
			defaultConfigurationIsVisible = 0;
			defaultConfigurationName = Release;
		};
		3025B99028209C620090E368 /* Build configuration list for PBXNativeTarget "InstagranClone" */ = {
			isa = XCConfigurationList;
			buildConfigurations = (
				3025B99128209C620090E368 /* Debug */,
				3025B99228209C620090E368 /* Release */,
			);
			defaultConfigurationIsVisible = 0;
			defaultConfigurationName = Release;
		};
		3025B99328209C620090E368 /* Build configuration list for PBXNativeTarget "InstagranCloneTests" */ = {
			isa = XCConfigurationList;
			buildConfigurations = (
				3025B99428209C620090E368 /* Debug */,
				3025B99528209C620090E368 /* Release */,
			);
			defaultConfigurationIsVisible = 0;
			defaultConfigurationName = Release;
		};
		3025B99628209C620090E368 /* Build configuration list for PBXNativeTarget "InstagranCloneUITests" */ = {
			isa = XCConfigurationList;
			buildConfigurations = (
				3025B99728209C620090E368 /* Debug */,
				3025B99828209C620090E368 /* Release */,
			);
			defaultConfigurationIsVisible = 0;
			defaultConfigurationName = Release;
		};
/* End XCConfigurationList section */

/* Begin XCRemoteSwiftPackageReference section */
		30D1E38229396857008FC2FD /* XCRemoteSwiftPackageReference "firebase-ios-sdk" */ = {
			isa = XCRemoteSwiftPackageReference;
			repositoryURL = "https://github.com/firebase/firebase-ios-sdk";
			requirement = {
				kind = upToNextMajorVersion;
				minimumVersion = 8.0.0;
			};
		};
		30D1E38D293968E4008FC2FD /* XCRemoteSwiftPackageReference "ActiveLabel.swift" */ = {
			isa = XCRemoteSwiftPackageReference;
			repositoryURL = "https://github.com/optonaut/ActiveLabel.swift.git";
			requirement = {
				kind = upToNextMajorVersion;
				minimumVersion = 1.0.0;
			};
		};
		30D1E39029396938008FC2FD /* XCRemoteSwiftPackageReference "SDWebImage" */ = {
			isa = XCRemoteSwiftPackageReference;
			repositoryURL = "https://github.com/SDWebImage/SDWebImage.git";
			requirement = {
				kind = upToNextMajorVersion;
				minimumVersion = 5.0.0;
			};
		};
		30D1E39329396993008FC2FD /* XCRemoteSwiftPackageReference "JGProgressHUD" */ = {
			isa = XCRemoteSwiftPackageReference;
			repositoryURL = "https://github.com/JonasGessner/JGProgressHUD.git";
			requirement = {
				kind = upToNextMajorVersion;
				minimumVersion = 2.0.0;
			};
		};
		30D1E39629396A85008FC2FD /* XCRemoteSwiftPackageReference "YPImagePicker" */ = {
			isa = XCRemoteSwiftPackageReference;
			repositoryURL = "https://github.com/Yummypets/YPImagePicker.git";
			requirement = {
				kind = upToNextMajorVersion;
				minimumVersion = 5.0.0;
			};
		};
/* End XCRemoteSwiftPackageReference section */

/* Begin XCSwiftPackageProductDependency section */
		30D1E38329396857008FC2FD /* FirebaseAuth */ = {
			isa = XCSwiftPackageProductDependency;
			package = 30D1E38229396857008FC2FD /* XCRemoteSwiftPackageReference "firebase-ios-sdk" */;
			productName = FirebaseAuth;
		};
		30D1E38529396857008FC2FD /* FirebaseDatabase */ = {
			isa = XCSwiftPackageProductDependency;
			package = 30D1E38229396857008FC2FD /* XCRemoteSwiftPackageReference "firebase-ios-sdk" */;
			productName = FirebaseDatabase;
		};
		30D1E38729396857008FC2FD /* FirebaseFirestore */ = {
			isa = XCSwiftPackageProductDependency;
			package = 30D1E38229396857008FC2FD /* XCRemoteSwiftPackageReference "firebase-ios-sdk" */;
			productName = FirebaseFirestore;
		};
		30D1E38929396857008FC2FD /* FirebaseMessaging */ = {
			isa = XCSwiftPackageProductDependency;
			package = 30D1E38229396857008FC2FD /* XCRemoteSwiftPackageReference "firebase-ios-sdk" */;
			productName = FirebaseMessaging;
		};
		30D1E38B29396857008FC2FD /* FirebaseStorage */ = {
			isa = XCSwiftPackageProductDependency;
			package = 30D1E38229396857008FC2FD /* XCRemoteSwiftPackageReference "firebase-ios-sdk" */;
			productName = FirebaseStorage;
		};
		30D1E38E293968E4008FC2FD /* ActiveLabel */ = {
			isa = XCSwiftPackageProductDependency;
			package = 30D1E38D293968E4008FC2FD /* XCRemoteSwiftPackageReference "ActiveLabel.swift" */;
			productName = ActiveLabel;
		};
		30D1E39129396939008FC2FD /* SDWebImage */ = {
			isa = XCSwiftPackageProductDependency;
			package = 30D1E39029396938008FC2FD /* XCRemoteSwiftPackageReference "SDWebImage" */;
			productName = SDWebImage;
		};
		30D1E39429396993008FC2FD /* JGProgressHUD */ = {
			isa = XCSwiftPackageProductDependency;
			package = 30D1E39329396993008FC2FD /* XCRemoteSwiftPackageReference "JGProgressHUD" */;
			productName = JGProgressHUD;
		};
		30D1E39729396A85008FC2FD /* YPImagePicker */ = {
			isa = XCSwiftPackageProductDependency;
			package = 30D1E39629396A85008FC2FD /* XCRemoteSwiftPackageReference "YPImagePicker" */;
			productName = YPImagePicker;
		};
/* End XCSwiftPackageProductDependency section */
	};
	rootObject = 3025B95E28209C5F0090E368 /* Project object */;
}
